
Microsoft Visual Studio Solution File, Format Version 12.00
# Visual Studio 15
VisualStudioVersion = 15.0.27703.2042
MinimumVisualStudioVersion = 10.0.40219.1
Project("{FAE04EC0-301F-11D3-BF4B-00C04F79EFBC}") = "ZFS.Domain", "ZFSDomain\ZFS.Domain.csproj", "{C1833563-C0B8-4202-8851-022E704B158F}"
EndProject
Project("{FAE04EC0-301F-11D3-BF4B-00C04F79EFBC}") = "ZFS.Data", "ZFSData\ZFS.Data.csproj", "{B92825A0-F3E9-4596-901C-5FAB689C3F45}"
EndProject
Project("{FAE04EC0-301F-11D3-BF4B-00C04F79EFBC}") = "ZFS.Bridge", "ZFSBridge\ZFS.Bridge.csproj", "{C09C31D5-1695-4811-9689-3976CA47EA1C}"
EndProject
Project("{2150E333-8FDC-42A3-9474-1A3956D46DE8}") = "MQTT", "MQTT", "{65C44F8B-31CD-4AC6-8FC6-266D72C6DF4B}"
EndProject
Project("{FAE04EC0-301F-11D3-BF4B-00C04F79EFBC}") = "ZFS.MqttClient", "ZFS.MqttClient\ZFS.MqttClient.csproj", "{B6479715-070C-4AA0-AE13-1D1F3C091276}"
EndProject
Project("{FAE04EC0-301F-11D3-BF4B-00C04F79EFBC}") = "ZFS.MqttServer", "ZFS.MqttServer\ZFS.MqttServer.csproj", "{743F33D7-3C2C-46C1-B379-5421AF57C11B}"
EndProject
Project("{FAE04EC0-301F-11D3-BF4B-00C04F79EFBC}") = "ZFS.MqttClientTest", "ZFS.MqttClientTest\ZFS.MqttClientTest.csproj", "{CA4BC6BA-9D10-44A8-9A4E-118A019E7181}"
EndProject
Project("{FAE04EC0-301F-11D3-BF4B-00C04F79EFBC}") = "ZFS.Library", "ZFS.Library\ZFS.Library.csproj", "{B604276A-DC78-48A6-AA0C-4FC347B48761}"
EndProject
Project("{2150E333-8FDC-42A3-9474-1A3956D46DE8}") = "WCF.Server", "WCF.Server", "{B471721B-3948-4527-A3FD-F0A0087B6B00}"
EndProject
Project("{FAE04EC0-301F-11D3-BF4B-00C04F79EFBC}") = "ZFS.ServerLibrary", "ZFS.ServerLibrary\ZFS.ServerLibrary.csproj", "{FEB221A1-956B-4F10-A952-E3586D6620BB}"
EndProject
Project("{FAE04EC0-301F-11D3-BF4B-00C04F79EFBC}") = "ZFS.ServerClient", "ZFS.ServerClient\ZFS.ServerClient.csproj", "{3E5844F0-D92F-4C4C-B96E-37CEC6BF55F8}"
EndProject
Project("{FAE04EC0-301F-11D3-BF4B-00C04F79EFBC}") = "ZFS.ServerBusiness", "ZFS.ServerBusiness\ZFS.ServerBusiness.csproj", "{8815B87E-345F-400C-A88E-B4FA5C0DD7C1}"
	ProjectSection(ProjectDependencies) = postProject
		{FEB221A1-956B-4F10-A952-E3586D6620BB} = {FEB221A1-956B-4F10-A952-E3586D6620BB}
	EndProjectSection
EndProject
Project("{FAE04EC0-301F-11D3-BF4B-00C04F79EFBC}") = "ZFS.Model", "ZFS.Model\ZFS.Model.csproj", "{B18F2A4E-3A62-45F8-B844-82248A41428C}"
EndProject
Project("{FAE04EC0-301F-11D3-BF4B-00C04F79EFBC}") = "ZFS.Generator", "ZFS.Generator\ZFS.Generator.csproj", "{D3B380D2-0F49-4A57-8F4D-1EF39CBE4C4C}"
EndProject
Project("{2150E333-8FDC-42A3-9474-1A3956D46DE8}") = "Business", "Business", "{161442E2-D8BC-4165-8241-31DB75320548}"
EndProject
Project("{2150E333-8FDC-42A3-9474-1A3956D46DE8}") = "Server", "Server", "{79CCD758-F289-4E29-B291-70D3A08481F7}"
EndProject
Project("{FAE04EC0-301F-11D3-BF4B-00C04F79EFBC}") = "ZFS.ILayer", "ZFS.InterfaceLayer\ZFS.ILayer.csproj", "{B9E70180-63D2-411E-B8D0-0DBD80FF85DA}"
EndProject
Global
	GlobalSection(SolutionConfigurationPlatforms) = preSolution
		Debug|Any CPU = Debug|Any CPU
		Release|Any CPU = Release|Any CPU
	EndGlobalSection
	GlobalSection(ProjectConfigurationPlatforms) = postSolution
		{C1833563-C0B8-4202-8851-022E704B158F}.Debug|Any CPU.ActiveCfg = Debug|Any CPU
		{C1833563-C0B8-4202-8851-022E704B158F}.Debug|Any CPU.Build.0 = Debug|Any CPU
		{C1833563-C0B8-4202-8851-022E704B158F}.Release|Any CPU.ActiveCfg = Release|Any CPU
		{C1833563-C0B8-4202-8851-022E704B158F}.Release|Any CPU.Build.0 = Release|Any CPU
		{B92825A0-F3E9-4596-901C-5FAB689C3F45}.Debug|Any CPU.ActiveCfg = Debug|Any CPU
		{B92825A0-F3E9-4596-901C-5FAB689C3F45}.Debug|Any CPU.Build.0 = Debug|Any CPU
		{B92825A0-F3E9-4596-901C-5FAB689C3F45}.Release|Any CPU.ActiveCfg = Release|Any CPU
		{B92825A0-F3E9-4596-901C-5FAB689C3F45}.Release|Any CPU.Build.0 = Release|Any CPU
		{C09C31D5-1695-4811-9689-3976CA47EA1C}.Debug|Any CPU.ActiveCfg = Debug|Any CPU
		{C09C31D5-1695-4811-9689-3976CA47EA1C}.Debug|Any CPU.Build.0 = Debug|Any CPU
		{C09C31D5-1695-4811-9689-3976CA47EA1C}.Release|Any CPU.ActiveCfg = Release|Any CPU
		{C09C31D5-1695-4811-9689-3976CA47EA1C}.Release|Any CPU.Build.0 = Release|Any CPU
		{B6479715-070C-4AA0-AE13-1D1F3C091276}.Debug|Any CPU.ActiveCfg = Debug|Any CPU
		{B6479715-070C-4AA0-AE13-1D1F3C091276}.Debug|Any CPU.Build.0 = Debug|Any CPU
		{B6479715-070C-4AA0-AE13-1D1F3C091276}.Release|Any CPU.ActiveCfg = Release|Any CPU
		{B6479715-070C-4AA0-AE13-1D1F3C091276}.Release|Any CPU.Build.0 = Release|Any CPU
		{743F33D7-3C2C-46C1-B379-5421AF57C11B}.Debug|Any CPU.ActiveCfg = Debug|Any CPU
		{743F33D7-3C2C-46C1-B379-5421AF57C11B}.Debug|Any CPU.Build.0 = Debug|Any CPU
		{743F33D7-3C2C-46C1-B379-5421AF57C11B}.Release|Any CPU.ActiveCfg = Release|Any CPU
		{743F33D7-3C2C-46C1-B379-5421AF57C11B}.Release|Any CPU.Build.0 = Release|Any CPU
		{CA4BC6BA-9D10-44A8-9A4E-118A019E7181}.Debug|Any CPU.ActiveCfg = Debug|Any CPU
		{CA4BC6BA-9D10-44A8-9A4E-118A019E7181}.Debug|Any CPU.Build.0 = Debug|Any CPU
		{CA4BC6BA-9D10-44A8-9A4E-118A019E7181}.Release|Any CPU.ActiveCfg = Release|Any CPU
		{CA4BC6BA-9D10-44A8-9A4E-118A019E7181}.Release|Any CPU.Build.0 = Release|Any CPU
		{B604276A-DC78-48A6-AA0C-4FC347B48761}.Debug|Any CPU.ActiveCfg = Debug|Any CPU
		{B604276A-DC78-48A6-AA0C-4FC347B48761}.Debug|Any CPU.Build.0 = Debug|Any CPU
		{B604276A-DC78-48A6-AA0C-4FC347B48761}.Release|Any CPU.ActiveCfg = Release|Any CPU
		{B604276A-DC78-48A6-AA0C-4FC347B48761}.Release|Any CPU.Build.0 = Release|Any CPU
		{FEB221A1-956B-4F10-A952-E3586D6620BB}.Debug|Any CPU.ActiveCfg = Debug|Any CPU
		{FEB221A1-956B-4F10-A952-E3586D6620BB}.Debug|Any CPU.Build.0 = Debug|Any CPU
		{FEB221A1-956B-4F10-A952-E3586D6620BB}.Release|Any CPU.ActiveCfg = Release|Any CPU
		{FEB221A1-956B-4F10-A952-E3586D6620BB}.Release|Any CPU.Build.0 = Release|Any CPU
		{3E5844F0-D92F-4C4C-B96E-37CEC6BF55F8}.Debug|Any CPU.ActiveCfg = Debug|Any CPU
		{3E5844F0-D92F-4C4C-B96E-37CEC6BF55F8}.Debug|Any CPU.Build.0 = Debug|Any CPU
		{3E5844F0-D92F-4C4C-B96E-37CEC6BF55F8}.Release|Any CPU.ActiveCfg = Release|Any CPU
		{3E5844F0-D92F-4C4C-B96E-37CEC6BF55F8}.Release|Any CPU.Build.0 = Release|Any CPU
		{8815B87E-345F-400C-A88E-B4FA5C0DD7C1}.Debug|Any CPU.ActiveCfg = Debug|Any CPU
		{8815B87E-345F-400C-A88E-B4FA5C0DD7C1}.Debug|Any CPU.Build.0 = Debug|Any CPU
		{8815B87E-345F-400C-A88E-B4FA5C0DD7C1}.Release|Any CPU.ActiveCfg = Release|Any CPU
		{8815B87E-345F-400C-A88E-B4FA5C0DD7C1}.Release|Any CPU.Build.0 = Release|Any CPU
		{B18F2A4E-3A62-45F8-B844-82248A41428C}.Debug|Any CPU.ActiveCfg = Debug|Any CPU
		{B18F2A4E-3A62-45F8-B844-82248A41428C}.Debug|Any CPU.Build.0 = Debug|Any CPU
		{B18F2A4E-3A62-45F8-B844-82248A41428C}.Release|Any CPU.ActiveCfg = Release|Any CPU
		{B18F2A4E-3A62-45F8-B844-82248A41428C}.Release|Any CPU.Build.0 = Release|Any CPU
		{D3B380D2-0F49-4A57-8F4D-1EF39CBE4C4C}.Debug|Any CPU.ActiveCfg = Debug|Any CPU
		{D3B380D2-0F49-4A57-8F4D-1EF39CBE4C4C}.Debug|Any CPU.Build.0 = Debug|Any CPU
		{D3B380D2-0F49-4A57-8F4D-1EF39CBE4C4C}.Release|Any CPU.ActiveCfg = Release|Any CPU
		{D3B380D2-0F49-4A57-8F4D-1EF39CBE4C4C}.Release|Any CPU.Build.0 = Release|Any CPU
		{B9E70180-63D2-411E-B8D0-0DBD80FF85DA}.Debug|Any CPU.ActiveCfg = Debug|Any CPU
		{B9E70180-63D2-411E-B8D0-0DBD80FF85DA}.Debug|Any CPU.Build.0 = Debug|Any CPU
		{B9E70180-63D2-411E-B8D0-0DBD80FF85DA}.Release|Any CPU.ActiveCfg = Release|Any CPU
		{B9E70180-63D2-411E-B8D0-0DBD80FF85DA}.Release|Any CPU.Build.0 = Release|Any CPU
	EndGlobalSection
	GlobalSection(SolutionProperties) = preSolution
		HideSolutionNode = FALSE
	EndGlobalSection
	GlobalSection(NestedProjects) = preSolution
		{65C44F8B-31CD-4AC6-8FC6-266D72C6DF4B} = {79CCD758-F289-4E29-B291-70D3A08481F7}
		{B6479715-070C-4AA0-AE13-1D1F3C091276} = {65C44F8B-31CD-4AC6-8FC6-266D72C6DF4B}
		{743F33D7-3C2C-46C1-B379-5421AF57C11B} = {65C44F8B-31CD-4AC6-8FC6-266D72C6DF4B}
		{CA4BC6BA-9D10-44A8-9A4E-118A019E7181} = {65C44F8B-31CD-4AC6-8FC6-266D72C6DF4B}
		{B471721B-3948-4527-A3FD-F0A0087B6B00} = {79CCD758-F289-4E29-B291-70D3A08481F7}
		{FEB221A1-956B-4F10-A952-E3586D6620BB} = {B471721B-3948-4527-A3FD-F0A0087B6B00}
		{3E5844F0-D92F-4C4C-B96E-37CEC6BF55F8} = {B471721B-3948-4527-A3FD-F0A0087B6B00}
		{8815B87E-345F-400C-A88E-B4FA5C0DD7C1} = {B471721B-3948-4527-A3FD-F0A0087B6B00}
		{D3B380D2-0F49-4A57-8F4D-1EF39CBE4C4C} = {161442E2-D8BC-4165-8241-31DB75320548}
	EndGlobalSection
	GlobalSection(ExtensibilityGlobals) = postSolution
		SolutionGuid = {FA051847-E4D0-4E04-B474-1FE1E6CF47ED}
	EndGlobalSection
EndGlobal
